// !$*UTF8*$!
{
	archiveVersion = 1;
	classes = {
	};
	objectVersion = 55;
	objects = {

/* Begin PBXBuildFile section */
		3758A667276F001B005DB7D3 /* libresolv.tbd in Frameworks */ = {isa = PBXBuildFile; fileRef = 3758A665276EFF69005DB7D3 /* libresolv.tbd */; };
		3758A668276F003F005DB7D3 /* libiospw.a in Frameworks */ = {isa = PBXBuildFile; fileRef = 3758A664276EFF10005DB7D3 /* libiospw.a */; };
		3758A66D276F0827005DB7D3 /* PasswordOps.swift in Sources */ = {isa = PBXBuildFile; fileRef = 3758A66C276F0827005DB7D3 /* PasswordOps.swift */; };
		37697184276DBE25001696C9 /* ios_testerApp.swift in Sources */ = {isa = PBXBuildFile; fileRef = 37697183276DBE25001696C9 /* ios_testerApp.swift */; };
		37697186276DBE25001696C9 /* ContentView.swift in Sources */ = {isa = PBXBuildFile; fileRef = 37697185276DBE25001696C9 /* ContentView.swift */; };
		37697188276DBE28001696C9 /* Assets.xcassets in Resources */ = {isa = PBXBuildFile; fileRef = 37697187276DBE28001696C9 /* Assets.xcassets */; };
		3769718B276DBE28001696C9 /* Preview Assets.xcassets in Resources */ = {isa = PBXBuildFile; fileRef = 3769718A276DBE28001696C9 /* Preview Assets.xcassets */; };
		37697195276DBE29001696C9 /* ios_testerTests.swift in Sources */ = {isa = PBXBuildFile; fileRef = 37697194276DBE29001696C9 /* ios_testerTests.swift */; };
/* End PBXBuildFile section */

/* Begin PBXContainerItemProxy section */
		37697191276DBE29001696C9 /* PBXContainerItemProxy */ = {
			isa = PBXContainerItemProxy;
			containerPortal = 37697178276DBE25001696C9 /* Project object */;
			proxyType = 1;
			remoteGlobalIDString = 3769717F276DBE25001696C9;
			remoteInfo = "ios-tester";
		};
/* End PBXContainerItemProxy section */

/* Begin PBXFileReference section */
		3758A663276EFD8F005DB7D3 /* libiospw.a */ = {isa = PBXFileReference; lastKnownFileType = archive.ar; name = libiospw.a; path = "../target/aarch64-apple-ios/debug/libiospw.a"; sourceTree = "<group>"; };
		3758A664276EFF10005DB7D3 /* libiospw.a */ = {isa = PBXFileReference; lastKnownFileType = archive.ar; name = libiospw.a; path = ../target/universal/release/libiospw.a; sourceTree = "<group>"; };
		3758A665276EFF69005DB7D3 /* libresolv.tbd */ = {isa = PBXFileReference; lastKnownFileType = "sourcecode.text-based-dylib-definition"; name = libresolv.tbd; path = usr/lib/libresolv.tbd; sourceTree = SDKROOT; };
		3758A666276EFF7C005DB7D3 /* libresolv.9.tbd */ = {isa = PBXFileReference; lastKnownFileType = "sourcecode.text-based-dylib-definition"; name = libresolv.9.tbd; path = usr/lib/libresolv.9.tbd; sourceTree = SDKROOT; };
		3758A669276F00A1005DB7D3 /* iospw.h */ = {isa = PBXFileReference; fileEncoding = 4; lastKnownFileType = sourcecode.c.h; name = iospw.h; path = "../../ios-shim/src/iospw.h"; sourceTree = "<group>"; };
		3758A66B276F01EC005DB7D3 /* iospw-Bridging-Header.h */ = {isa = PBXFileReference; lastKnownFileType = sourcecode.c.h; path = "iospw-Bridging-Header.h"; sourceTree = "<group>"; };
		3758A66C276F0827005DB7D3 /* PasswordOps.swift */ = {isa = PBXFileReference; lastKnownFileType = sourcecode.swift; path = PasswordOps.swift; sourceTree = "<group>"; };
		37697180276DBE25001696C9 /* ios-tester.app */ = {isa = PBXFileReference; explicitFileType = wrapper.application; includeInIndex = 0; path = "ios-tester.app"; sourceTree = BUILT_PRODUCTS_DIR; };
		37697183276DBE25001696C9 /* ios_testerApp.swift */ = {isa = PBXFileReference; lastKnownFileType = sourcecode.swift; path = ios_testerApp.swift; sourceTree = "<group>"; };
		37697185276DBE25001696C9 /* ContentView.swift */ = {isa = PBXFileReference; lastKnownFileType = sourcecode.swift; path = ContentView.swift; sourceTree = "<group>"; };
		37697187276DBE28001696C9 /* Assets.xcassets */ = {isa = PBXFileReference; lastKnownFileType = folder.assetcatalog; path = Assets.xcassets; sourceTree = "<group>"; };
		3769718A276DBE28001696C9 /* Preview Assets.xcassets */ = {isa = PBXFileReference; lastKnownFileType = folder.assetcatalog; path = "Preview Assets.xcassets"; sourceTree = "<group>"; };
		37697190276DBE29001696C9 /* ios-testerTests.xctest */ = {isa = PBXFileReference; explicitFileType = wrapper.cfbundle; includeInIndex = 0; path = "ios-testerTests.xctest"; sourceTree = BUILT_PRODUCTS_DIR; };
		37697194276DBE29001696C9 /* ios_testerTests.swift */ = {isa = PBXFileReference; lastKnownFileType = sourcecode.swift; path = ios_testerTests.swift; sourceTree = "<group>"; };
/* End PBXFileReference section */

/* Begin PBXFrameworksBuildPhase section */
		3769717D276DBE25001696C9 /* Frameworks */ = {
			isa = PBXFrameworksBuildPhase;
			buildActionMask = 2147483647;
			files = (
				3758A668276F003F005DB7D3 /* libiospw.a in Frameworks */,
				3758A667276F001B005DB7D3 /* libresolv.tbd in Frameworks */,
			);
			runOnlyForDeploymentPostprocessing = 0;
		};
		3769718D276DBE29001696C9 /* Frameworks */ = {
			isa = PBXFrameworksBuildPhase;
			buildActionMask = 2147483647;
			files = (
			);
			runOnlyForDeploymentPostprocessing = 0;
		};
/* End PBXFrameworksBuildPhase section */

/* Begin PBXGroup section */
		3758A662276EFD8F005DB7D3 /* Frameworks */ = {
			isa = PBXGroup;
			children = (
				3758A666276EFF7C005DB7D3 /* libresolv.9.tbd */,
				3758A665276EFF69005DB7D3 /* libresolv.tbd */,
				3758A664276EFF10005DB7D3 /* libiospw.a */,
				3758A663276EFD8F005DB7D3 /* libiospw.a */,
			);
			name = Frameworks;
			sourceTree = "<group>";
		};
		37697177276DBE25001696C9 = {
			isa = PBXGroup;
			children = (
				37697182276DBE25001696C9 /* ios-tester */,
				37697193276DBE29001696C9 /* ios-testerTests */,
				37697181276DBE25001696C9 /* Products */,
				3758A662276EFD8F005DB7D3 /* Frameworks */,
			);
			sourceTree = "<group>";
		};
		37697181276DBE25001696C9 /* Products */ = {
			isa = PBXGroup;
			children = (
				37697180276DBE25001696C9 /* ios-tester.app */,
				37697190276DBE29001696C9 /* ios-testerTests.xctest */,
			);
			name = Products;
			sourceTree = "<group>";
		};
		37697182276DBE25001696C9 /* ios-tester */ = {
			isa = PBXGroup;
			children = (
				3758A669276F00A1005DB7D3 /* iospw.h */,
				3758A66B276F01EC005DB7D3 /* iospw-Bridging-Header.h */,
				3758A66C276F0827005DB7D3 /* PasswordOps.swift */,
				37697183276DBE25001696C9 /* ios_testerApp.swift */,
				37697185276DBE25001696C9 /* ContentView.swift */,
				37697187276DBE28001696C9 /* Assets.xcassets */,
				37697189276DBE28001696C9 /* Preview Content */,
			);
			path = "ios-tester";
			sourceTree = "<group>";
		};
		37697189276DBE28001696C9 /* Preview Content */ = {
			isa = PBXGroup;
			children = (
				3769718A276DBE28001696C9 /* Preview Assets.xcassets */,
			);
			path = "Preview Content";
			sourceTree = "<group>";
		};
		37697193276DBE29001696C9 /* ios-testerTests */ = {
			isa = PBXGroup;
			children = (
				37697194276DBE29001696C9 /* ios_testerTests.swift */,
			);
			path = "ios-testerTests";
			sourceTree = "<group>";
		};
/* End PBXGroup section */

/* Begin PBXNativeTarget section */
		3769717F276DBE25001696C9 /* ios-tester */ = {
			isa = PBXNativeTarget;
			buildConfigurationList = 376971A4276DBE29001696C9 /* Build configuration list for PBXNativeTarget "ios-tester" */;
			buildPhases = (
				3769717C276DBE25001696C9 /* Sources */,
				3769717D276DBE25001696C9 /* Frameworks */,
				3769717E276DBE25001696C9 /* Resources */,
			);
			buildRules = (
			);
			dependencies = (
			);
			name = "ios-tester";
			productName = "ios-tester";
			productReference = 37697180276DBE25001696C9 /* ios-tester.app */;
			productType = "com.apple.product-type.application";
		};
		3769718F276DBE29001696C9 /* ios-testerTests */ = {
			isa = PBXNativeTarget;
			buildConfigurationList = 376971A7276DBE29001696C9 /* Build configuration list for PBXNativeTarget "ios-testerTests" */;
			buildPhases = (
				3769718C276DBE29001696C9 /* Sources */,
				3769718D276DBE29001696C9 /* Frameworks */,
				3769718E276DBE29001696C9 /* Resources */,
			);
			buildRules = (
			);
			dependencies = (
				37697192276DBE29001696C9 /* PBXTargetDependency */,
			);
			name = "ios-testerTests";
			productName = "ios-testerTests";
			productReference = 37697190276DBE29001696C9 /* ios-testerTests.xctest */;
			productType = "com.apple.product-type.bundle.unit-test";
		};
/* End PBXNativeTarget section */

/* Begin PBXProject section */
		37697178276DBE25001696C9 /* Project object */ = {
			isa = PBXProject;
			attributes = {
				BuildIndependentTargetsInParallel = 1;
				LastSwiftUpdateCheck = 1310;
				LastUpgradeCheck = 1310;
				TargetAttributes = {
					3769717F276DBE25001696C9 = {
						CreatedOnToolsVersion = 13.1;
					};
					3769718F276DBE29001696C9 = {
						CreatedOnToolsVersion = 13.1;
						TestTargetID = 3769717F276DBE25001696C9;
					};
				};
			};
			buildConfigurationList = 3769717B276DBE25001696C9 /* Build configuration list for PBXProject "ios-tester" */;
			compatibilityVersion = "Xcode 13.0";
			developmentRegion = en;
			hasScannedForEncodings = 0;
			knownRegions = (
				en,
				Base,
			);
			mainGroup = 37697177276DBE25001696C9;
			productRefGroup = 37697181276DBE25001696C9 /* Products */;
			projectDirPath = "";
			projectRoot = "";
			targets = (
				3769717F276DBE25001696C9 /* ios-tester */,
				3769718F276DBE29001696C9 /* ios-testerTests */,
			);
		};
/* End PBXProject section */

/* Begin PBXResourcesBuildPhase section */
		3769717E276DBE25001696C9 /* Resources */ = {
			isa = PBXResourcesBuildPhase;
			buildActionMask = 2147483647;
			files = (
				3769718B276DBE28001696C9 /* Preview Assets.xcassets in Resources */,
				37697188276DBE28001696C9 /* Assets.xcassets in Resources */,
			);
			runOnlyForDeploymentPostprocessing = 0;
		};
		3769718E276DBE29001696C9 /* Resources */ = {
			isa = PBXResourcesBuildPhase;
			buildActionMask = 2147483647;
			files = (
			);
			runOnlyForDeploymentPostprocessing = 0;
		};
/* End PBXResourcesBuildPhase section */

/* Begin PBXSourcesBuildPhase section */
		3769717C276DBE25001696C9 /* Sources */ = {
			isa = PBXSourcesBuildPhase;
			buildActionMask = 2147483647;
			files = (
				37697186276DBE25001696C9 /* ContentView.swift in Sources */,
				3758A66D276F0827005DB7D3 /* PasswordOps.swift in Sources */,
				37697184276DBE25001696C9 /* ios_testerApp.swift in Sources */,
			);
			runOnlyForDeploymentPostprocessing = 0;
		};
		3769718C276DBE29001696C9 /* Sources */ = {
			isa = PBXSourcesBuildPhase;
			buildActionMask = 2147483647;
			files = (
				37697195276DBE29001696C9 /* ios_testerTests.swift in Sources */,
			);
			runOnlyForDeploymentPostprocessing = 0;
		};
/* End PBXSourcesBuildPhase section */

/* Begin PBXTargetDependency section */
		37697192276DBE29001696C9 /* PBXTargetDependency */ = {
			isa = PBXTargetDependency;
			target = 3769717F276DBE25001696C9 /* ios-tester */;
			targetProxy = 37697191276DBE29001696C9 /* PBXContainerItemProxy */;
		};
/* End PBXTargetDependency section */

/* Begin XCBuildConfiguration section */
		376971A2276DBE29001696C9 /* Debug */ = {
			isa = XCBuildConfiguration;
			buildSettings = {
				ALWAYS_SEARCH_USER_PATHS = NO;
				CLANG_ANALYZER_NONNULL = YES;
				CLANG_ANALYZER_NUMBER_OBJECT_CONVERSION = YES_AGGRESSIVE;
				CLANG_CXX_LANGUAGE_STANDARD = "gnu++17";
				CLANG_CXX_LIBRARY = "libc++";
				CLANG_ENABLE_MODULES = YES;
				CLANG_ENABLE_OBJC_ARC = YES;
				CLANG_ENABLE_OBJC_WEAK = YES;
				CLANG_WARN_BLOCK_CAPTURE_AUTORELEASING = YES;
				CLANG_WARN_BOOL_CONVERSION = YES;
				CLANG_WARN_COMMA = YES;
				CLANG_WARN_CONSTANT_CONVERSION = YES;
				CLANG_WARN_DEPRECATED_OBJC_IMPLEMENTATIONS = YES;
				CLANG_WARN_DIRECT_OBJC_ISA_USAGE = YES_ERROR;
				CLANG_WARN_DOCUMENTATION_COMMENTS = YES;
				CLANG_WARN_EMPTY_BODY = YES;
				CLANG_WARN_ENUM_CONVERSION = YES;
				CLANG_WARN_INFINITE_RECURSION = YES;
				CLANG_WARN_INT_CONVERSION = YES;
				CLANG_WARN_NON_LITERAL_NULL_CONVERSION = YES;
				CLANG_WARN_OBJC_IMPLICIT_RETAIN_SELF = YES;
				CLANG_WARN_OBJC_LITERAL_CONVERSION = YES;
				CLANG_WARN_OBJC_ROOT_CLASS = YES_ERROR;
				CLANG_WARN_QUOTED_INCLUDE_IN_FRAMEWORK_HEADER = YES;
				CLANG_WARN_RANGE_LOOP_ANALYSIS = YES;
				CLANG_WARN_STRICT_PROTOTYPES = YES;
				CLANG_WARN_SUSPICIOUS_MOVE = YES;
				CLANG_WARN_UNGUARDED_AVAILABILITY = YES_AGGRESSIVE;
				CLANG_WARN_UNREACHABLE_CODE = YES;
				CLANG_WARN__DUPLICATE_METHOD_MATCH = YES;
				COPY_PHASE_STRIP = NO;
				DEBUG_INFORMATION_FORMAT = dwarf;
				ENABLE_STRICT_OBJC_MSGSEND = YES;
				ENABLE_TESTABILITY = YES;
				GCC_C_LANGUAGE_STANDARD = gnu11;
				GCC_DYNAMIC_NO_PIC = NO;
				GCC_NO_COMMON_BLOCKS = YES;
				GCC_OPTIMIZATION_LEVEL = 0;
				GCC_PREPROCESSOR_DEFINITIONS = (
					"DEBUG=1",
					"$(inherited)",
				);
				GCC_WARN_64_TO_32_BIT_CONVERSION = YES;
				GCC_WARN_ABOUT_RETURN_TYPE = YES_ERROR;
				GCC_WARN_UNDECLARED_SELECTOR = YES;
				GCC_WARN_UNINITIALIZED_AUTOS = YES_AGGRESSIVE;
				GCC_WARN_UNUSED_FUNCTION = YES;
				GCC_WARN_UNUSED_VARIABLE = YES;
				IPHONEOS_DEPLOYMENT_TARGET = 15.0;
				MTL_ENABLE_DEBUG_INFO = INCLUDE_SOURCE;
				MTL_FAST_MATH = YES;
				ONLY_ACTIVE_ARCH = YES;
				SDKROOT = iphoneos;
				SWIFT_ACTIVE_COMPILATION_CONDITIONS = DEBUG;
				SWIFT_OPTIMIZATION_LEVEL = "-Onone";
			};
			name = Debug;
		};
		376971A3276DBE29001696C9 /* Release */ = {
			isa = XCBuildConfiguration;
			buildSettings = {
				ALWAYS_SEARCH_USER_PATHS = NO;
				CLANG_ANALYZER_NONNULL = YES;
				CLANG_ANALYZER_NUMBER_OBJECT_CONVERSION = YES_AGGRESSIVE;
				CLANG_CXX_LANGUAGE_STANDARD = "gnu++17";
				CLANG_CXX_LIBRARY = "libc++";
				CLANG_ENABLE_MODULES = YES;
				CLANG_ENABLE_OBJC_ARC = YES;
				CLANG_ENABLE_OBJC_WEAK = YES;
				CLANG_WARN_BLOCK_CAPTURE_AUTORELEASING = YES;
				CLANG_WARN_BOOL_CONVERSION = YES;
				CLANG_WARN_COMMA = YES;
				CLANG_WARN_CONSTANT_CONVERSION = YES;
				CLANG_WARN_DEPRECATED_OBJC_IMPLEMENTATIONS = YES;
				CLANG_WARN_DIRECT_OBJC_ISA_USAGE = YES_ERROR;
				CLANG_WARN_DOCUMENTATION_COMMENTS = YES;
				CLANG_WARN_EMPTY_BODY = YES;
				CLANG_WARN_ENUM_CONVERSION = YES;
				CLANG_WARN_INFINITE_RECURSION = YES;
				CLANG_WARN_INT_CONVERSION = YES;
				CLANG_WARN_NON_LITERAL_NULL_CONVERSION = YES;
				CLANG_WARN_OBJC_IMPLICIT_RETAIN_SELF = YES;
				CLANG_WARN_OBJC_LITERAL_CONVERSION = YES;
				CLANG_WARN_OBJC_ROOT_CLASS = YES_ERROR;
				CLANG_WARN_QUOTED_INCLUDE_IN_FRAMEWORK_HEADER = YES;
				CLANG_WARN_RANGE_LOOP_ANALYSIS = YES;
				CLANG_WARN_STRICT_PROTOTYPES = YES;
				CLANG_WARN_SUSPICIOUS_MOVE = YES;
				CLANG_WARN_UNGUARDED_AVAILABILITY = YES_AGGRESSIVE;
				CLANG_WARN_UNREACHABLE_CODE = YES;
				CLANG_WARN__DUPLICATE_METHOD_MATCH = YES;
				COPY_PHASE_STRIP = NO;
				DEBUG_INFORMATION_FORMAT = "dwarf-with-dsym";
				ENABLE_NS_ASSERTIONS = NO;
				ENABLE_STRICT_OBJC_MSGSEND = YES;
				GCC_C_LANGUAGE_STANDARD = gnu11;
				GCC_NO_COMMON_BLOCKS = YES;
				GCC_WARN_64_TO_32_BIT_CONVERSION = YES;
				GCC_WARN_ABOUT_RETURN_TYPE = YES_ERROR;
				GCC_WARN_UNDECLARED_SELECTOR = YES;
				GCC_WARN_UNINITIALIZED_AUTOS = YES_AGGRESSIVE;
				GCC_WARN_UNUSED_FUNCTION = YES;
				GCC_WARN_UNUSED_VARIABLE = YES;
				IPHONEOS_DEPLOYMENT_TARGET = 15.0;
				MTL_ENABLE_DEBUG_INFO = NO;
				MTL_FAST_MATH = YES;
				SDKROOT = iphoneos;
				SWIFT_COMPILATION_MODE = wholemodule;
				SWIFT_OPTIMIZATION_LEVEL = "-O";
				VALIDATE_PRODUCT = YES;
			};
			name = Release;
		};
		376971A5276DBE29001696C9 /* Debug */ = {
			isa = XCBuildConfiguration;
			buildSettings = {
				ASSETCATALOG_COMPILER_APPICON_NAME = AppIcon;
				ASSETCATALOG_COMPILER_GLOBAL_ACCENT_COLOR_NAME = AccentColor;
				CODE_SIGN_STYLE = Automatic;
				CURRENT_PROJECT_VERSION = 1;
				DEVELOPMENT_ASSET_PATHS = "\"ios-tester/Preview Content\"";
				DEVELOPMENT_TEAM = 85H73V9R3F;
				ENABLE_PREVIEWS = YES;
				EXCLUDED_ARCHS = "";
				"EXCLUDED_ARCHS[sdk=iphonesimulator*]" = arm64;
				GENERATE_INFOPLIST_FILE = YES;
				INFOPLIST_KEY_UIApplicationSceneManifest_Generation = YES;
				INFOPLIST_KEY_UIApplicationSupportsIndirectInputEvents = YES;
				INFOPLIST_KEY_UILaunchScreen_Generation = YES;
				INFOPLIST_KEY_UISupportedInterfaceOrientations_iPad = "UIInterfaceOrientationPortrait UIInterfaceOrientationPortraitUpsideDown UIInterfaceOrientationLandscapeLeft UIInterfaceOrientationLandscapeRight";
				INFOPLIST_KEY_UISupportedInterfaceOrientations_iPhone = "UIInterfaceOrientationPortrait UIInterfaceOrientationLandscapeLeft UIInterfaceOrientationLandscapeRight";
				LD_RUNPATH_SEARCH_PATHS = (
					"$(inherited)",
					"@executable_path/Frameworks",
				);
				LIBRARY_SEARCH_PATHS = "$(PROJECT_DIR)/../target/universal/$(CONFIGURATION:lower)";
				MARKETING_VERSION = 1.0;
				PRODUCT_BUNDLE_IDENTIFIER = "com.brotsky.ios-tester";
				PRODUCT_NAME = "$(TARGET_NAME)";
				SWIFT_EMIT_LOC_STRINGS = YES;
				SWIFT_OBJC_BRIDGING_HEADER = "$(PROJECT_DIR)/ios-tester/iospw-Bridging-Header.h";
				SWIFT_VERSION = 5.0;
				TARGETED_DEVICE_FAMILY = "1,2";
			};
			name = Debug;
		};
		376971A6276DBE29001696C9 /* Release */ = {
			isa = XCBuildConfiguration;
			buildSettings = {
				ASSETCATALOG_COMPILER_APPICON_NAME = AppIcon;
				ASSETCATALOG_COMPILER_GLOBAL_ACCENT_COLOR_NAME = AccentColor;
				CODE_SIGN_STYLE = Automatic;
				CURRENT_PROJECT_VERSION = 1;
				DEVELOPMENT_ASSET_PATHS = "\"ios-tester/Preview Content\"";
				DEVELOPMENT_TEAM = 85H73V9R3F;
				ENABLE_PREVIEWS = YES;
				EXCLUDED_ARCHS = "";
				"EXCLUDED_ARCHS[sdk=iphonesimulator*]" = arm64;
				GENERATE_INFOPLIST_FILE = YES;
				INFOPLIST_KEY_UIApplicationSceneManifest_Generation = YES;
				INFOPLIST_KEY_UIApplicationSupportsIndirectInputEvents = YES;
				INFOPLIST_KEY_UILaunchScreen_Generation = YES;
				INFOPLIST_KEY_UISupportedInterfaceOrientations_iPad = "UIInterfaceOrientationPortrait UIInterfaceOrientationPortraitUpsideDown UIInterfaceOrientationLandscapeLeft UIInterfaceOrientationLandscapeRight";
				INFOPLIST_KEY_UISupportedInterfaceOrientations_iPhone = "UIInterfaceOrientationPortrait UIInterfaceOrientationLandscapeLeft UIInterfaceOrientationLandscapeRight";
				LD_RUNPATH_SEARCH_PATHS = (
					"$(inherited)",
					"@executable_path/Frameworks",
				);
				LIBRARY_SEARCH_PATHS = "$(PROJECT_DIR)/../target/universal/$(CONFIGURATION:lower)";
				MARKETING_VERSION = 1.0;
				PRODUCT_BUNDLE_IDENTIFIER = "com.brotsky.ios-tester";
				PRODUCT_NAME = "$(TARGET_NAME)";
				SWIFT_EMIT_LOC_STRINGS = YES;
				SWIFT_OBJC_BRIDGING_HEADER = "$(PROJECT_DIR)/ios-tester/iospw-Bridging-Header.h";
				SWIFT_VERSION = 5.0;
				TARGETED_DEVICE_FAMILY = "1,2";
			};
			name = Release;
		};
		376971A8276DBE29001696C9 /* Debug */ = {
			isa = XCBuildConfiguration;
			buildSettings = {
				ALWAYS_EMBED_SWIFT_STANDARD_LIBRARIES = YES;
				BUNDLE_LOADER = "$(TEST_HOST)";
				CODE_SIGN_STYLE = Automatic;
				CURRENT_PROJECT_VERSION = 1;
				DEVELOPMENT_TEAM = 85H73V9R3F;
				EXCLUDED_ARCHS = "";
				"EXCLUDED_ARCHS[sdk=iphonesimulator*]" = arm64;
				GENERATE_INFOPLIST_FILE = YES;
				IPHONEOS_DEPLOYMENT_TARGET = 15.0;
				LD_RUNPATH_SEARCH_PATHS = (
					"$(inherited)",
					"@executable_path/Frameworks",
					"@loader_path/Frameworks",
				);
				LIBRARY_SEARCH_PATHS = "$(PROJECT_DIR)/../target/universal/$(CONFIGURATION:lower)";
				MARKETING_VERSION = 1.0;
				PRODUCT_BUNDLE_IDENTIFIER = "com.brotsky.ios-testerTests";
				PRODUCT_NAME = "$(TARGET_NAME)";
				SWIFT_EMIT_LOC_STRINGS = NO;
				SWIFT_OBJC_BRIDGING_HEADER = "$(PROJECT_DIR)/ios-tester/iospw-Bridging-Header.h";
				SWIFT_VERSION = 5.0;
				TARGETED_DEVICE_FAMILY = "1,2";
				TEST_HOST = "$(BUILT_PRODUCTS_DIR)/ios-tester.app/ios-tester";
			};
			name = Debug;
		};
		376971A9276DBE29001696C9 /* Release */ = {
			isa = XCBuildConfiguration;
			buildSettings = {
				ALWAYS_EMBED_SWIFT_STANDARD_LIBRARIES = YES;
				BUNDLE_LOADER = "$(TEST_HOST)";
				CODE_SIGN_STYLE = Automatic;
				CURRENT_PROJECT_VERSION = 1;
				DEVELOPMENT_TEAM = 85H73V9R3F;
				EXCLUDED_ARCHS = "";
				"EXCLUDED_ARCHS[sdk=iphonesimulator*]" = arm64;
				GENERATE_INFOPLIST_FILE = YES;
				IPHONEOS_DEPLOYMENT_TARGET = 15.0;
				LD_RUNPATH_SEARCH_PATHS = (
					"$(inherited)",
					"@executable_path/Frameworks",
					"@loader_path/Frameworks",
				);
				LIBRARY_SEARCH_PATHS = "$(PROJECT_DIR)/../target/universal/$(CONFIGURATION:lower)";
				MARKETING_VERSION = 1.0;
				PRODUCT_BUNDLE_IDENTIFIER = "com.brotsky.ios-testerTests";
				PRODUCT_NAME = "$(TARGET_NAME)";
				SWIFT_EMIT_LOC_STRINGS = NO;
				SWIFT_OBJC_BRIDGING_HEADER = "$(PROJECT_DIR)/ios-tester/iospw-Bridging-Header.h";
				SWIFT_VERSION = 5.0;
				TARGETED_DEVICE_FAMILY = "1,2";
				TEST_HOST = "$(BUILT_PRODUCTS_DIR)/ios-tester.app/ios-tester";
			};
			name = Release;
		};
/* End XCBuildConfiguration section */

/* Begin XCConfigurationList section */
		3769717B276DBE25001696C9 /* Build configuration list for PBXProject "ios-tester" */ = {
			isa = XCConfigurationList;
			buildConfigurations = (
				376971A2276DBE29001696C9 /* Debug */,
				376971A3276DBE29001696C9 /* Release */,
			);
			defaultConfigurationIsVisible = 0;
			defaultConfigurationName = Release;
		};
		376971A4276DBE29001696C9 /* Build configuration list for PBXNativeTarget "ios-tester" */ = {
			isa = XCConfigurationList;
			buildConfigurations = (
				376971A5276DBE29001696C9 /* Debug */,
				376971A6276DBE29001696C9 /* Release */,
			);
			defaultConfigurationIsVisible = 0;
			defaultConfigurationName = Release;
		};
		376971A7276DBE29001696C9 /* Build configuration list for PBXNativeTarget "ios-testerTests" */ = {
			isa = XCConfigurationList;
			buildConfigurations = (
				376971A8276DBE29001696C9 /* Debug */,
				376971A9276DBE29001696C9 /* Release */,
			);
			defaultConfigurationIsVisible = 0;
			defaultConfigurationName = Release;
		};
/* End XCConfigurationList section */
	};
	rootObject = 37697178276DBE25001696C9 /* Project object */;
}
